
Microsoft Visual Studio Solution File, Format Version 12.00
# Visual Studio Version 17
VisualStudioVersion = 17.5.33516.290
MinimumVisualStudioVersion = 10.0.40219.1
Project("{9A19103F-16F7-4668-BE54-9A1E7A4F7556}") = "ProductApi", "ProductApi\ProductApi.csproj", "{9F7E48BD-E2AF-4153-8CEE-37F6E3AEB296}"
EndProject
Project("{FAE04EC0-301F-11D3-BF4B-00C04F79EFBC}") = "DomainLayer", "DomainLayer\DomainLayer.csproj", "{F4D3471B-4518-4869-B1A7-D6F60E93BAD0}"
EndProject
Project("{FAE04EC0-301F-11D3-BF4B-00C04F79EFBC}") = "RepositoryLayer", "RepositoryLayer\RepositoryLayer.csproj", "{2D6FC65D-0DD8-4C72-99C7-8CB0709D0EAE}"
EndProject
Project("{FAE04EC0-301F-11D3-BF4B-00C04F79EFBC}") = "ServiceLayer", "ServiceLayer\ServiceLayer.csproj", "{03787FC4-82EF-41C7-97EF-7D909880484F}"
EndProject
Global
	GlobalSection(SolutionConfigurationPlatforms) = preSolution
		Debug|Any CPU = Debug|Any CPU
		Release|Any CPU = Release|Any CPU
	EndGlobalSection
	GlobalSection(ProjectConfigurationPlatforms) = postSolution
		{9F7E48BD-E2AF-4153-8CEE-37F6E3AEB296}.Debug|Any CPU.ActiveCfg = Debug|Any CPU
		{9F7E48BD-E2AF-4153-8CEE-37F6E3AEB296}.Debug|Any CPU.Build.0 = Debug|Any CPU
		{9F7E48BD-E2AF-4153-8CEE-37F6E3AEB296}.Release|Any CPU.ActiveCfg = Release|Any CPU
		{9F7E48BD-E2AF-4153-8CEE-37F6E3AEB296}.Release|Any CPU.Build.0 = Release|Any CPU
		{F4D3471B-4518-4869-B1A7-D6F60E93BAD0}.Debug|Any CPU.ActiveCfg = Debug|Any CPU
		{F4D3471B-4518-4869-B1A7-D6F60E93BAD0}.Debug|Any CPU.Build.0 = Debug|Any CPU
		{F4D3471B-4518-4869-B1A7-D6F60E93BAD0}.Release|Any CPU.ActiveCfg = Release|Any CPU
		{F4D3471B-4518-4869-B1A7-D6F60E93BAD0}.Release|Any CPU.Build.0 = Release|Any CPU
		{2D6FC65D-0DD8-4C72-99C7-8CB0709D0EAE}.Debug|Any CPU.ActiveCfg = Debug|Any CPU
		{2D6FC65D-0DD8-4C72-99C7-8CB0709D0EAE}.Debug|Any CPU.Build.0 = Debug|Any CPU
		{2D6FC65D-0DD8-4C72-99C7-8CB0709D0EAE}.Release|Any CPU.ActiveCfg = Release|Any CPU
		{2D6FC65D-0DD8-4C72-99C7-8CB0709D0EAE}.Release|Any CPU.Build.0 = Release|Any CPU
		{03787FC4-82EF-41C7-97EF-7D909880484F}.Debug|Any CPU.ActiveCfg = Debug|Any CPU
		{03787FC4-82EF-41C7-97EF-7D909880484F}.Debug|Any CPU.Build.0 = Debug|Any CPU
		{03787FC4-82EF-41C7-97EF-7D909880484F}.Release|Any CPU.ActiveCfg = Release|Any CPU
		{03787FC4-82EF-41C7-97EF-7D909880484F}.Release|Any CPU.Build.0 = Release|Any CPU
	EndGlobalSection
	GlobalSection(SolutionProperties) = preSolution
		HideSolutionNode = FALSE
	EndGlobalSection
	GlobalSection(ExtensibilityGlobals) = postSolution
		SolutionGuid = {1922D868-7E8E-46D1-A6C2-4138B23F3B55}
	EndGlobalSection
EndGlobal
